github.com/arelate/southern_light v0.3.46 h1:Gy3BPV8/xZanLxIK3EIQrVL6VLS1a0pQrzkjTVKanu0=
github.com/arelate/southern_light v0.3.46/go.mod h1:F69W9BwWJOuw3a/gnN1gR+oEMLAclfbtdHmZcQUb9uU=
github.com/arelate/southern_light v0.3.47 h1:JEaFVnh/amjJS5xd58Mdm8xrGpP+xe/jv0vsnbTb5NI=
github.com/arelate/southern_light v0.3.47/go.mod h1:F69W9BwWJOuw3a/gnN1gR+oEMLAclfbtdHmZcQUb9uU=
github.com/arelate/southern_light v0.3.48 h1:QL89t0osj15Kl+K8pl+SSRY9RajmphZ4TtZu9SDoeQ4=
github.com/arelate/southern_light v0.3.48/go.mod h1:F69W9BwWJOuw3a/gnN1gR+oEMLAclfbtdHmZcQUb9uU=
github.com/arelate/southern_light v0.3.49 h1:N9nbSxv8Pw6u9D+Q4NWRoFt8PbfkDdhnKvTg6FFVlfs=
github.com/arelate/southern_light v0.3.49/go.mod h1:F69W9BwWJOuw3a/gnN1gR+oEMLAclfbtdHmZcQUb9uU=
github.com/arelate/southern_light v0.3.50 h1:eogRsFm8JboT7hpTJDQ3hXeRNp8FIsIiMojTmFpzCRA=
github.com/arelate/southern_light v0.3.50/go.mod h1:F69W9BwWJOuw3a/gnN1gR+oEMLAclfbtdHmZcQUb9uU=
github.com/arelate/southern_light v0.3.51 h1:UUR+GuJuj2mRH2CujOZkIZzCwmGUw0X218vWlRApdZk=
github.com/arelate/southern_light v0.3.51/go.mod h1:hs+emkSayVAhRWsnSkLWSsDqkAM8LE+wxOl1qxq+8OM=
github.com/arelate/southern_light v0.3.52 h1:5r6n0cxjd0ZjDf55+Zr7QImwSfqh6+UdeomDS3TriUc=
github.com/arelate/southern_light v0.3.52/go.mod h1:hs+emkSayVAhRWsnSkLWSsDqkAM8LE+wxOl1qxq+8OM=
github.com/arelate/southern_light v0.3.53 h1:YIw0sdrJX8dnxNNVkzOuWzQig3E8vGsfulcBmH9/y1g=
github.com/arelate/southern_light v0.3.53/go.mod h1:hs+emkSayVAhRWsnSkLWSsDqkAM8LE+wxOl1qxq+8OM=
github.com/arelate/southern_light v0.3.54 h1:u3B7uO2VAZC2yZwVKQ0Pzt1+JJrf0wPGfBJmJyqUC7M=
github.com/arelate/southern_light v0.3.54/go.mod h1:hs+emkSayVAhRWsnSkLWSsDqkAM8LE+wxOl1qxq+8OM=
github.com/boggydigital/atomus v0.1.11 h1:n9XRgPqF3OgnK8UK7yJ3aG5sQkwacBjtqzzOxCXz33A=
github.com/boggydigital/atomus v0.1.11/go.mod h1:/ga4zus10Z3FiNDU4JmRw5fdm0IW78qoezV/Ni44V5s=
github.com/boggydigital/author v0.1.9 h1:8IhvoUUQB7v++iLeQUq4RKkojAUE1PjMX6OFWHwvXYc=
github.com/boggydigital/author v0.1.9/go.mod h1:TByLkZmjPXYcK+l3920TEybnXYK7+qjc6oGLKnnEtVI=
github.com/boggydigital/author v0.1.10 h1:AHQ0f8hqjCvI78QtBXdP+tIpmajdle7p+ffaRXvHiKQ=
github.com/boggydigital/author v0.1.10/go.mod h1:TByLkZmjPXYcK+l3920TEybnXYK7+qjc6oGLKnnEtVI=
github.com/boggydigital/author v0.1.11 h1:mU+i9ZHkFoi20xpuqSU20nJ7Mty7NjTJo3u2Uspx8+U=
github.com/boggydigital/author v0.1.11/go.mod h1:TByLkZmjPXYcK+l3920TEybnXYK7+qjc6oGLKnnEtVI=
github.com/boggydigital/author v0.1.13 h1:i2/h+9ss1NUvEGxWpSKrmYzSALE1mrDYiDEePllJnt8=
github.com/boggydigital/author v0.1.13/go.mod h1:TByLkZmjPXYcK+l3920TEybnXYK7+qjc6oGLKnnEtVI=
github.com/boggydigital/author v0.1.14 h1:BO4u4i6ouH3K8UjYURxuSGr5OpOTx0GEfdk3IHVC21c=
github.com/boggydigital/author v0.1.14/go.mod h1:TByLkZmjPXYcK+l3920TEybnXYK7+qjc6oGLKnnEtVI=
github.com/boggydigital/author v0.1.15 h1:G+tKrROLPo4a/DIWF1myOrJbqEHP1+sxPnYun4njUvc=
github.com/boggydigital/author v0.1.15/go.mod h1:TByLkZmjPXYcK+l3920TEybnXYK7+qjc6oGLKnnEtVI=
github.com/boggydigital/author v0.1.16 h1:HQUq47/GkpwFouqYSff3z82pA4929ObCWorixrgry5k=
github.com/boggydigital/author v0.1.16/go.mod h1:TByLkZmjPXYcK+l3920TEybnXYK7+qjc6oGLKnnEtVI=
github.com/boggydigital/author v0.1.17 h1:bTMtLVB7gdLAgYLEHwoZN+FQgYxrbcsSc/gWFnoGHgs=
github.com/boggydigital/author v0.1.17/go.mod h1:TByLkZmjPXYcK+l3920TEybnXYK7+qjc6oGLKnnEtVI=
github.com/boggydigital/author v0.1.18 h1:KEGqFr56dMjOYVQSFb43U05W0wHNnYb14V+HHr3jt8Y=
github.com/boggydigital/author v0.1.18/go.mod h1:11oYKJzlZAGHPZrfZncJrYOvFpc6ctKNuPcWj4lq8ik=
github.com/boggydigital/author v0.1.19 h1:CNDigsxIZshwqu6WqwDm9B7s9HrxG4inLtQZ5JQ/se8=
github.com/boggydigital/author v0.1.19/go.mod h1:11oYKJzlZAGHPZrfZncJrYOvFpc6ctKNuPcWj4lq8ik=
github.com/boggydigital/backups v0.1.6 h1:E0YU7K/muSjmJcDtMBUP3mQN46/9kkq+HczuKxRWx14=
github.com/boggydigital/backups v0.1.6/go.mod h1:k2oRf30c7FL5ZCUCVBEzDB2Cem1LevVTkVHR/WqaU7I=
github.com/boggydigital/busan v0.1.1 h1:sP0vbrgazePvThZZh0pQdn9BfWkvdQGTaQLF2YQliAo=
github.com/boggydigital/busan v0.1.1/go.mod h1:aqtJoRSrX5bpQrA0nS7t7Btfl0qkolJ4pd+TNslKQmU=
github.com/boggydigital/clo v1.0.8 h1:/E+xA4e+tvQrtSmMHN/DeKaVEhiSI2aHDx63dJ98lCU=
github.com/boggydigital/clo v1.0.8/go.mod h1:InpSSK4uBJOtOdv32DM9BYCA28MuJGb7iRFow24ubUI=
github.com/boggydigital/compton v0.4.14 h1:ZwSoiQGZUmVE1fIOjhLFCGpLJ7da6TXfG8urCjKCSMI=
github.com/boggydigital/compton v0.4.14/go.mod h1:sSmERFW0FlkwMGr5WTvoEg5e4tHnZj5CVfoq+4WTWHQ=
github.com/boggydigital/compton v0.4.15 h1:dJQ53kvQw7kMDs3vvQscYdb33IdonysfbHvUqIEFLN0=
github.com/boggydigital/compton v0.4.15/go.mod h1:sSmERFW0FlkwMGr5WTvoEg5e4tHnZj5CVfoq+4WTWHQ=
github.com/boggydigital/compton v0.4.16 h1:ZbuqFuUQsRxvCEHxe0wEYhqkFNv/Z+K69ei6l2OPOf8=
github.com/boggydigital/compton v0.4.16/go.mod h1:sSmERFW0FlkwMGr5WTvoEg5e4tHnZj5CVfoq+4WTWHQ=
github.com/boggydigital/coost v0.3.11 h1:MkUDFxcFkX3bUhG5zEJTbfV4kuVBViLZBPAbeBa6Lns=
github.com/boggydigital/coost v0.3.11/go.mod h1:ix/IVXKGuoSj/SeMCN4kcWvBSpfxNog09rg2eQAlVzU=
github.com/boggydigital/dolo v0.2.23 h1:PD6j7/tKfjw31GUxVEN2MgK9IKOqDjSL542r75eoGZc=
github.com/boggydigital/dolo v0.2.23/go.mod h1:/Z2gQ4V/IIc/9WEL2/HIUag4LnCyZZPOx1Kl9KxI7uI=
github.com/boggydigital/dolo v0.2.24 h1:S7SNuCMcVdQo19TYcfBK7hbUxQbcP5GYmKXqy76F+wI=
github.com/boggydigital/dolo v0.2.24/go.mod h1:/Z2gQ4V/IIc/9WEL2/HIUag4LnCyZZPOx1Kl9KxI7uI=
github.com/boggydigital/issa v0.1.23 h1:rlofF32FwkXSKrplZ5J/AWn3mw4vq9VIP/KBZVE8sA0=
github.com/boggydigital/issa v0.1.23/go.mod h1:1p/XNBpQW+dtnpUFhVxZHjNEZyP3qw4DsTC4rb0Qu68=
github.com/boggydigital/kevlar v0.6.9 h1:VX1M/F6ZrLxAslADkixcsYQ6HAnqRhwMuT12cikQDZM=
github.com/boggydigital/kevlar v0.6.9/go.mod h1:wlHW4oa6bLm/xVlUoVYinsJKiitkaibBW9Diht46QPo=
github.com/boggydigital/match_node v0.1.19 h1:n62RM9BOUwRJFNtagE4siMu34zgwz+BRCbdO/0j7aJM=
github.com/boggydigital/match_node v0.1.19/go.mod h1:F8Eqagj2uDDRK6ElfuTIOWROjASUC72uUo9s7FWbthQ=
github.com/boggydigital/nod v0.1.30 h1:/u3FE04mfH5ka1VqoS6uutTmbYbvUaEHyDDJk96uB+k=
github.com/boggydigital/nod v0.1.30/go.mod h1:bzsGsnXacX7YmctBeqpY0oEQeT1KHqcSNpBhLNbKhfA=
github.com/boggydigital/pathways v0.1.15 h1:oQwqikyCKBIvoQwUthivHyT2oseQu9zzuO4A2FnwHFo=
github.com/boggydigital/pathways v0.1.15/go.mod h1:z7Ip2VdIJg+xhEUsfOhc9oDy31YVDAUZKlipP1AWhE0=
github.com/boggydigital/redux v0.1.9 h1:SSzyraDVaxNYSeWusNiOKx3e6wUGyO3WKvc07lupQvE=
github.com/boggydigital/redux v0.1.9/go.mod h1:mI9586prkmJ00FPJn2fpqBVB3ViATnmgP6yfHq95C2I=
github.com/boggydigital/testo v0.1.8 h1:NKuKLpWKn8gG3dYq8xNrFYHimxoCTdzLOs242q6jeQo=
github.com/boggydigital/testo v0.1.8/go.mod h1:8JTO6UKeQPsHS82vbCH/3NLDfewmr/84vVQ6rNLdCas=
github.com/boggydigital/wits v0.2.3 h1:Z0eB+QlIA18fJmblyV6ZJQ/swPYSFhOxfgMXOQz4/c8=
github.com/boggydigital/wits v0.2.3/go.mod h1:aR/z0vfMLtg0b4hcts0qiSTZcA51O8A2N3U9laqd2Lc=
github.com/boggydigital/yet_urls v0.1.57 h1:wMnDpjc2xDlP2ScGRcskfQj+X6s95S+HGtWior5maog=
github.com/boggydigital/yet_urls v0.1.57/go.mod h1:Cn2NQWWljMw9iJSdQh7UZh2jXNeanG0JQE8nbBG9oFY=
golang.org/x/crypto v0.42.0 h1:chiH31gIWm57EkTXpwnqf8qeuMUi0yekh6mT2AvFlqI=
golang.org/x/crypto v0.42.0/go.mod h1:4+rDnOTJhQCx2q7/j6rAN5XDw8kPjeaXEUR2eL94ix8=
golang.org/x/crypto v0.43.0 h1:dduJYIi3A3KOfdGOHX8AVZ/jGiyPa3IbBozJ5kNuE04=
golang.org/x/crypto v0.43.0/go.mod h1:BFbav4mRNlXJL4wNeejLpWxB7wMbc79PdRGhWKncxR0=
golang.org/x/image v0.31.0 h1:mLChjE2MV6g1S7oqbXC0/UcKijjm5fnJLUYKIYrLESA=
golang.org/x/image v0.31.0/go.mod h1:R9ec5Lcp96v9FTF+ajwaH3uGxPH4fKfHHAVbUILxghA=
golang.org/x/image v0.32.0 h1:6lZQWq75h7L5IWNk0r+SCpUJ6tUVd3v4ZHnbRKLkUDQ=
golang.org/x/image v0.32.0/go.mod h1:/R37rrQmKXtO6tYXAjtDLwQgFLHmhW+V6ayXlxzP2Pc=
golang.org/x/net v0.44.0 h1:evd8IRDyfNBMBTTY5XRF1vaZlD+EmWx6x8PkhR04H/I=
golang.org/x/net v0.44.0/go.mod h1:ECOoLqd5U3Lhyeyo/QDCEVQ4sNgYsqvCZ722XogGieY=
golang.org/x/net v0.46.0 h1:giFlY12I07fugqwPuWJi68oOnpfqFnJIJzaIIm2JVV4=
golang.org/x/net v0.46.0/go.mod h1:Q9BGdFy1y4nkUwiLvT5qtyhAnEHgnQ/zd8PfU6nc210=
