github.com/andybalholm/brotli v1.0.6 h1:Yf9fFpf49Zrxb9NlQaluyE92/+X7UVHlhMNJN2sxfOI=
github.com/andybalholm/brotli v1.0.6/go.mod h1:fO7iG3H7G2nSZ7m0zPUDn85XEX2GTukHGRSepvi9Eig=
github.com/arelate/southern_light v0.1.28 h1:aq56O1ixk3bfBY2kUlZ7PaEEPQrdm2fG78TmknuK7eQ=
github.com/arelate/southern_light v0.1.28/go.mod h1:5P7A0MoqwBKSWhss/U26ny5qSwXkWJ83+PAWYQlvAXY=
github.com/arelate/vangogh_local_data v0.3.8 h1:irt3kAsrkUGTRRRqill1dALMP5N58oYJ26yuwYgiltk=
github.com/arelate/vangogh_local_data v0.3.8/go.mod h1:GX4f81XgDnhDRdEjvQK6XbBGFqceBqhUTL8PFpvuC+M=
github.com/boggydigital/atomus v0.1.9 h1:zAmXtAAXtBzMfz/83nEO4x8/uSLlPOq5wynW1jR/rbk=
github.com/boggydigital/atomus v0.1.9/go.mod h1:mvPDNDMrpFZ7RHbyMrt30hVXFU+VoeCvHnT83Zhj91I=
github.com/boggydigital/clo v1.0.4 h1:LKvXktyG+EeemzjnSp0DYIAEbY2/rvFcuHtjjwJk280=
github.com/boggydigital/clo v1.0.4/go.mod h1:7QbdMB008okXsdk41qJyJ6k/oJALIIXQ0GLYSxY9WFM=
github.com/boggydigital/coost v0.3.9 h1:lMfR5PyexBDR4xDOQp0zWZWUk/Dqlrx7gw7i7XdsC4c=
github.com/boggydigital/coost v0.3.9/go.mod h1:w7ChGaah1DKsBIXb9ANdILg2pe2Jp7JkNpnK2R6rBec=
github.com/boggydigital/dolo v0.2.13 h1:hR45YlPPT59ilnWGqAnxkoiBslSMbvHxBUv6kvXutH4=
github.com/boggydigital/dolo v0.2.13/go.mod h1:xOzQ4WPcyETrETGpuHRQRtXTFu8kkdXKQCcddbhU/tQ=
github.com/boggydigital/issa v0.1.10 h1:zHSRJHkOz3DwVvp4/YL06qq/VHXexL7qrn4m48hRf/o=
github.com/boggydigital/issa v0.1.10/go.mod h1:Rq+f8yeTlM/3ov4MCjmxWNL90n47h5CkwP6/628McKU=
github.com/boggydigital/kvas v0.3.31 h1:Ifgfyflbug1fz9YwPLnFcEdv6zZMukKQVOrnpp8ST9k=
github.com/boggydigital/kvas v0.3.31/go.mod h1:ZKvlZY8ygEgdsH4LXpr3TL456O2HJ8Spr3KYCtQxzD0=
github.com/boggydigital/kvas_dolo v0.1.6 h1:8FWZBzkcV06/eOFLZcEsCYdXHIatooCW7drYKjcEOks=
github.com/boggydigital/kvas_dolo v0.1.6/go.mod h1:6rtg+zY/yNCE1U3palU/z2SNsHm0toCY67pqfS6US/0=
github.com/boggydigital/match_node v0.1.16 h1:oE7Hlehb1xuFnB3k7kfZPjaOV3c+j0g/O76+XVoib3E=
github.com/boggydigital/match_node v0.1.16/go.mod h1:dAlD1Ktt/eUSkGzvqoxDUDTmAKZO6V7aWH5toocaeU4=
github.com/boggydigital/middleware v0.1.11 h1:jmUbgB1EPUoM9vP8BllgZMwbx2Gar17uNPqtsWHXSDE=
github.com/boggydigital/middleware v0.1.11/go.mod h1:RCbCF5f5evepYZyVcZpqzMwiF+xSY62xi9CKEeQJJCg=
github.com/boggydigital/nod v0.1.21 h1:pQbrgswCuU5dr3IWS1Z902PJAm5BebSLG+Q3aG7KJ+4=
github.com/boggydigital/nod v0.1.21/go.mod h1:bYucIZ3rLHBZKf/3+T+eTSxuijuja7Y6OgU2P6o2/vo=
github.com/boggydigital/packer v0.1.0 h1:u727MJMwwElKDkyhcNjkhJwChdbeUl0sWh7R0SmkWNc=
github.com/boggydigital/packer v0.1.0/go.mod h1:cCRWxv7LDqsKuVoD6B6R2rSQedZbugrlnTyc39Lm59c=
github.com/boggydigital/testo v0.1.8 h1:NKuKLpWKn8gG3dYq8xNrFYHimxoCTdzLOs242q6jeQo=
github.com/boggydigital/testo v0.1.8/go.mod h1:8JTO6UKeQPsHS82vbCH/3NLDfewmr/84vVQ6rNLdCas=
github.com/boggydigital/wits v0.2.3 h1:Z0eB+QlIA18fJmblyV6ZJQ/swPYSFhOxfgMXOQz4/c8=
github.com/boggydigital/wits v0.2.3/go.mod h1:aR/z0vfMLtg0b4hcts0qiSTZcA51O8A2N3U9laqd2Lc=
github.com/boggydigital/yt_urls v0.1.29 h1:rpt6B4ZZ61zKD3Ka4ZuBNx/RTi93lXWKy+14HjyFlA4=
github.com/boggydigital/yt_urls v0.1.29/go.mod h1:SmZeJzMogVwcY5VyL7o1w0Xkf4adR2L0N1ywtFmoRcA=
golang.org/x/exp v0.0.0-20231110203233-9a3e6036ecaa h1:FRnLl4eNAQl8hwxVVC17teOw8kdjVDVAiFMtgUdTSRQ=
golang.org/x/exp v0.0.0-20231110203233-9a3e6036ecaa/go.mod h1:zk2irFbV9DP96SEBUUAy67IdHUaZuSnrz1n472HUCLE=
golang.org/x/image v0.14.0 h1:tNgSxAFe3jC4uYqvZdTr84SZoM1KfwdC9SKIFrLjFn4=
golang.org/x/image v0.14.0/go.mod h1:HUYqC05R2ZcZ3ejNQsIHQDQiwWM4JBqmm6MKANTp4LE=
golang.org/x/net v0.18.0 h1:mIYleuAkSbHh0tCv7RvjL3F6ZVbLjq4+R7zbOn3Kokg=
golang.org/x/net v0.18.0/go.mod h1:/czyP5RqHAH4odGYxBJ1qz0+CE5WZ+2j1YgoEo8F2jQ=
