
Microsoft Visual Studio Solution File, Format Version 12.00
# Visual Studio 15
VisualStudioVersion = 15.0.27130.2010
MinimumVisualStudioVersion = 10.0.40219.1
Project("{9A19103F-16F7-4668-BE54-9A1E7A4F7556}") = "vangogh.Console", "vangogh.Console\vangogh.Console.csproj", "{F58A9B39-0037-4517-8F46-4EE4BF681F1D}"
EndProject
Project("{9A19103F-16F7-4668-BE54-9A1E7A4F7556}") = "Interfaces", "Interfaces\Interfaces.csproj", "{8B4D3F24-F274-4604-8596-072FD748AEA7}"
EndProject
Project("{9A19103F-16F7-4668-BE54-9A1E7A4F7556}") = "Models", "Models\Models.csproj", "{F515F349-AFDF-40ED-8D3D-AD6412FAEAF0}"
EndProject
Project("{9A19103F-16F7-4668-BE54-9A1E7A4F7556}") = "GOG.Models", "GOG.Models\GOG.Models.csproj", "{2EA478E2-1461-4AC1-87CC-C6761895ADA1}"
EndProject
Project("{9A19103F-16F7-4668-BE54-9A1E7A4F7556}") = "GOG.Delegates", "GOG.Delegates\GOG.Delegates.csproj", "{8BF6C982-ECE3-4F76-9BFB-98E67D2C9BB6}"
EndProject
Project("{9A19103F-16F7-4668-BE54-9A1E7A4F7556}") = "Delegates", "Delegates\Delegates.csproj", "{947A3513-C259-40C1-B5FA-A6F77E3858A7}"
EndProject
Project("{2150E333-8FDC-42A3-9474-1A3956D46DE8}") = "Solution Items", "Solution Items", "{751A3F9D-D509-4A34-9765-E982B35DC0D8}"
	ProjectSection(SolutionItems) = preProject
		.editorconfig = .editorconfig
	EndProjectSection
EndProject
Project("{FAE04EC0-301F-11D3-BF4B-00C04F79EFBC}") = "Tests", "Tests\Tests.csproj", "{4FD29628-6C9E-473E-800F-6A883BB06948}"
EndProject
Project("{FAE04EC0-301F-11D3-BF4B-00C04F79EFBC}") = "Attributes", "Attributes\Attributes.csproj", "{45735040-96F6-49A4-854C-0D8A0EEEEE29}"
EndProject
Project("{FAE04EC0-301F-11D3-BF4B-00C04F79EFBC}") = "GOG.Delegates.Server", "GOG.Delegates.Server\GOG.Delegates.Server.csproj", "{7CD8C6CD-A141-4673-9C8A-A8BB1E2AB8B1}"
EndProject
Global
	GlobalSection(SolutionConfigurationPlatforms) = preSolution
		Debug|Any CPU = Debug|Any CPU
		Release|Any CPU = Release|Any CPU
	EndGlobalSection
	GlobalSection(ProjectConfigurationPlatforms) = postSolution
		{F58A9B39-0037-4517-8F46-4EE4BF681F1D}.Debug|Any CPU.ActiveCfg = Debug|Any CPU
		{F58A9B39-0037-4517-8F46-4EE4BF681F1D}.Debug|Any CPU.Build.0 = Debug|Any CPU
		{F58A9B39-0037-4517-8F46-4EE4BF681F1D}.Release|Any CPU.ActiveCfg = Release|Any CPU
		{F58A9B39-0037-4517-8F46-4EE4BF681F1D}.Release|Any CPU.Build.0 = Release|Any CPU
		{8B4D3F24-F274-4604-8596-072FD748AEA7}.Debug|Any CPU.ActiveCfg = Debug|Any CPU
		{8B4D3F24-F274-4604-8596-072FD748AEA7}.Debug|Any CPU.Build.0 = Debug|Any CPU
		{8B4D3F24-F274-4604-8596-072FD748AEA7}.Release|Any CPU.ActiveCfg = Release|Any CPU
		{8B4D3F24-F274-4604-8596-072FD748AEA7}.Release|Any CPU.Build.0 = Release|Any CPU
		{F515F349-AFDF-40ED-8D3D-AD6412FAEAF0}.Debug|Any CPU.ActiveCfg = Debug|Any CPU
		{F515F349-AFDF-40ED-8D3D-AD6412FAEAF0}.Debug|Any CPU.Build.0 = Debug|Any CPU
		{F515F349-AFDF-40ED-8D3D-AD6412FAEAF0}.Release|Any CPU.ActiveCfg = Release|Any CPU
		{F515F349-AFDF-40ED-8D3D-AD6412FAEAF0}.Release|Any CPU.Build.0 = Release|Any CPU
		{FAEB0675-90E1-466D-B180-304D7DA444F0}.Debug|Any CPU.ActiveCfg = Debug|Any CPU
		{FAEB0675-90E1-466D-B180-304D7DA444F0}.Debug|Any CPU.Build.0 = Debug|Any CPU
		{FAEB0675-90E1-466D-B180-304D7DA444F0}.Release|Any CPU.ActiveCfg = Release|Any CPU
		{FAEB0675-90E1-466D-B180-304D7DA444F0}.Release|Any CPU.Build.0 = Release|Any CPU
		{2EA478E2-1461-4AC1-87CC-C6761895ADA1}.Debug|Any CPU.ActiveCfg = Debug|Any CPU
		{2EA478E2-1461-4AC1-87CC-C6761895ADA1}.Debug|Any CPU.Build.0 = Debug|Any CPU
		{2EA478E2-1461-4AC1-87CC-C6761895ADA1}.Release|Any CPU.ActiveCfg = Release|Any CPU
		{2EA478E2-1461-4AC1-87CC-C6761895ADA1}.Release|Any CPU.Build.0 = Release|Any CPU
		{0BC8D90C-1963-45CB-96C2-1798CD60DA7E}.Debug|Any CPU.ActiveCfg = Debug|Any CPU
		{0BC8D90C-1963-45CB-96C2-1798CD60DA7E}.Debug|Any CPU.Build.0 = Debug|Any CPU
		{0BC8D90C-1963-45CB-96C2-1798CD60DA7E}.Release|Any CPU.ActiveCfg = Release|Any CPU
		{0BC8D90C-1963-45CB-96C2-1798CD60DA7E}.Release|Any CPU.Build.0 = Release|Any CPU
		{A01E87C0-9E96-496E-AE7D-53A02327CDEC}.Debug|Any CPU.ActiveCfg = Debug|Any CPU
		{A01E87C0-9E96-496E-AE7D-53A02327CDEC}.Debug|Any CPU.Build.0 = Debug|Any CPU
		{A01E87C0-9E96-496E-AE7D-53A02327CDEC}.Release|Any CPU.ActiveCfg = Release|Any CPU
		{A01E87C0-9E96-496E-AE7D-53A02327CDEC}.Release|Any CPU.Build.0 = Release|Any CPU
		{8BF6C982-ECE3-4F76-9BFB-98E67D2C9BB6}.Debug|Any CPU.ActiveCfg = Debug|Any CPU
		{8BF6C982-ECE3-4F76-9BFB-98E67D2C9BB6}.Debug|Any CPU.Build.0 = Debug|Any CPU
		{8BF6C982-ECE3-4F76-9BFB-98E67D2C9BB6}.Release|Any CPU.ActiveCfg = Release|Any CPU
		{8BF6C982-ECE3-4F76-9BFB-98E67D2C9BB6}.Release|Any CPU.Build.0 = Release|Any CPU
		{947A3513-C259-40C1-B5FA-A6F77E3858A7}.Debug|Any CPU.ActiveCfg = Debug|Any CPU
		{947A3513-C259-40C1-B5FA-A6F77E3858A7}.Debug|Any CPU.Build.0 = Debug|Any CPU
		{947A3513-C259-40C1-B5FA-A6F77E3858A7}.Release|Any CPU.ActiveCfg = Release|Any CPU
		{947A3513-C259-40C1-B5FA-A6F77E3858A7}.Release|Any CPU.Build.0 = Release|Any CPU
		{1CF71E91-0CF1-4145-926C-CDC878966ADA}.Debug|Any CPU.ActiveCfg = Debug|Any CPU
		{1CF71E91-0CF1-4145-926C-CDC878966ADA}.Debug|Any CPU.Build.0 = Debug|Any CPU
		{1CF71E91-0CF1-4145-926C-CDC878966ADA}.Release|Any CPU.ActiveCfg = Release|Any CPU
		{1CF71E91-0CF1-4145-926C-CDC878966ADA}.Release|Any CPU.Build.0 = Release|Any CPU
		{A632B7DB-2684-4AC1-AF0B-61903695B604}.Debug|Any CPU.ActiveCfg = Debug|Any CPU
		{A632B7DB-2684-4AC1-AF0B-61903695B604}.Debug|Any CPU.Build.0 = Debug|Any CPU
		{A632B7DB-2684-4AC1-AF0B-61903695B604}.Release|Any CPU.ActiveCfg = Release|Any CPU
		{A632B7DB-2684-4AC1-AF0B-61903695B604}.Release|Any CPU.Build.0 = Release|Any CPU
		{A1EFB74B-26C3-48FD-A4BF-4303481ED11C}.Debug|Any CPU.ActiveCfg = Debug|Any CPU
		{A1EFB74B-26C3-48FD-A4BF-4303481ED11C}.Debug|Any CPU.Build.0 = Debug|Any CPU
		{A1EFB74B-26C3-48FD-A4BF-4303481ED11C}.Release|Any CPU.ActiveCfg = Release|Any CPU
		{A1EFB74B-26C3-48FD-A4BF-4303481ED11C}.Release|Any CPU.Build.0 = Release|Any CPU
		{4FD29628-6C9E-473E-800F-6A883BB06948}.Debug|Any CPU.ActiveCfg = Debug|Any CPU
		{4FD29628-6C9E-473E-800F-6A883BB06948}.Debug|Any CPU.Build.0 = Debug|Any CPU
		{4FD29628-6C9E-473E-800F-6A883BB06948}.Release|Any CPU.ActiveCfg = Release|Any CPU
		{4FD29628-6C9E-473E-800F-6A883BB06948}.Release|Any CPU.Build.0 = Release|Any CPU
		{45735040-96F6-49A4-854C-0D8A0EEEEE29}.Debug|Any CPU.ActiveCfg = Debug|Any CPU
		{45735040-96F6-49A4-854C-0D8A0EEEEE29}.Debug|Any CPU.Build.0 = Debug|Any CPU
		{45735040-96F6-49A4-854C-0D8A0EEEEE29}.Release|Any CPU.ActiveCfg = Release|Any CPU
		{45735040-96F6-49A4-854C-0D8A0EEEEE29}.Release|Any CPU.Build.0 = Release|Any CPU
		{7CD8C6CD-A141-4673-9C8A-A8BB1E2AB8B1}.Debug|Any CPU.ActiveCfg = Debug|Any CPU
		{7CD8C6CD-A141-4673-9C8A-A8BB1E2AB8B1}.Debug|Any CPU.Build.0 = Debug|Any CPU
		{7CD8C6CD-A141-4673-9C8A-A8BB1E2AB8B1}.Release|Any CPU.ActiveCfg = Release|Any CPU
		{7CD8C6CD-A141-4673-9C8A-A8BB1E2AB8B1}.Release|Any CPU.Build.0 = Release|Any CPU
	EndGlobalSection
	GlobalSection(SolutionProperties) = preSolution
		HideSolutionNode = FALSE
	EndGlobalSection
	GlobalSection(ExtensibilityGlobals) = postSolution
		SolutionGuid = {30A8FC0B-23DC-4FF2-B308-A08D4A06D59F}
	EndGlobalSection
	GlobalSection(MonoDevelopProperties) = preSolution
		Policies = $0
		$0.TextStylePolicy = $1
		$1.FileWidth = 80
		$1.TabsToSpaces = True
		$1.scope = text/plain
		$0.CSharpFormattingPolicy = $2
		$2.scope = text/x-csharp
	EndGlobalSection
EndGlobal
