
Microsoft Visual Studio Solution File, Format Version 12.00
# Visual Studio 14
VisualStudioVersion = 14.0.22823.1
MinimumVisualStudioVersion = 10.0.40219.1
Project("{FAE04EC0-301F-11D3-BF4B-00C04F79EFBC}") = "GoodOfflineGames", "GoodOfflineGames\GoodOfflineGames.csproj", "{295EC7DA-7404-499C-ABBD-3429145A04D5}"
EndProject
Project("{FAE04EC0-301F-11D3-BF4B-00C04F79EFBC}") = "GoodOfflineGames.Tests", "GoodOfflineGames.Tests\GoodOfflineGames.Tests.csproj", "{49DA95A6-50DF-4C1B-B51E-982FCE77612A}"
EndProject
Global
	GlobalSection(SolutionConfigurationPlatforms) = preSolution
		Debug|Any CPU = Debug|Any CPU
		Release|Any CPU = Release|Any CPU
	EndGlobalSection
	GlobalSection(ProjectConfigurationPlatforms) = postSolution
		{295EC7DA-7404-499C-ABBD-3429145A04D5}.Debug|Any CPU.ActiveCfg = Debug|Any CPU
		{295EC7DA-7404-499C-ABBD-3429145A04D5}.Debug|Any CPU.Build.0 = Debug|Any CPU
		{295EC7DA-7404-499C-ABBD-3429145A04D5}.Release|Any CPU.ActiveCfg = Release|Any CPU
		{295EC7DA-7404-499C-ABBD-3429145A04D5}.Release|Any CPU.Build.0 = Release|Any CPU
		{49DA95A6-50DF-4C1B-B51E-982FCE77612A}.Debug|Any CPU.ActiveCfg = Debug|Any CPU
		{49DA95A6-50DF-4C1B-B51E-982FCE77612A}.Debug|Any CPU.Build.0 = Debug|Any CPU
		{49DA95A6-50DF-4C1B-B51E-982FCE77612A}.Release|Any CPU.ActiveCfg = Release|Any CPU
		{49DA95A6-50DF-4C1B-B51E-982FCE77612A}.Release|Any CPU.Build.0 = Release|Any CPU
	EndGlobalSection
	GlobalSection(SolutionProperties) = preSolution
		HideSolutionNode = FALSE
	EndGlobalSection
EndGlobal
